// !$*UTF8*$!
{
	archiveVersion = 1;
	classes = {
	};
	objectVersion = 46;
	objects = {

/* Begin PBXBuildFile section */
		630159A01E70FAB500DFABE1 /* AppDelegate.swift in Sources */ = {isa = PBXBuildFile; fileRef = 6301599F1E70FAB500DFABE1 /* AppDelegate.swift */; };
		630159A21E70FAB500DFABE1 /* ViewController.swift in Sources */ = {isa = PBXBuildFile; fileRef = 630159A11E70FAB500DFABE1 /* ViewController.swift */; };
		630159A51E70FAB500DFABE1 /* Main.storyboard in Resources */ = {isa = PBXBuildFile; fileRef = 630159A31E70FAB500DFABE1 /* Main.storyboard */; };
		630159A71E70FAB500DFABE1 /* Assets.xcassets in Resources */ = {isa = PBXBuildFile; fileRef = 630159A61E70FAB500DFABE1 /* Assets.xcassets */; };
		630159AA1E70FAB500DFABE1 /* LaunchScreen.storyboard in Resources */ = {isa = PBXBuildFile; fileRef = 630159A81E70FAB500DFABE1 /* LaunchScreen.storyboard */; };
/* End PBXBuildFile section */

/* Begin PBXFileReference section */
		6301599C1E70FAB500DFABE1 /* DemoDatabase.app */ = {isa = PBXFileReference; explicitFileType = wrapper.application; includeInIndex = 0; path = DemoDatabase.app; sourceTree = BUILT_PRODUCTS_DIR; };
		6301599F1E70FAB500DFABE1 /* AppDelegate.swift */ = {isa = PBXFileReference; lastKnownFileType = sourcecode.swift; path = AppDelegate.swift; sourceTree = "<group>"; };
		630159A11E70FAB500DFABE1 /* ViewController.swift */ = {isa = PBXFileReference; lastKnownFileType = sourcecode.swift; path = ViewController.swift; sourceTree = "<group>"; };
		630159A41E70FAB500DFABE1 /* Base */ = {isa = PBXFileReference; lastKnownFileType = file.storyboard; name = Base; path = Base.lproj/Main.storyboard; sourceTree = "<group>"; };
		630159A61E70FAB500DFABE1 /* Assets.xcassets */ = {isa = PBXFileReference; lastKnownFileType = folder.assetcatalog; path = Assets.xcassets; sourceTree = "<group>"; };
		630159A91E70FAB500DFABE1 /* Base */ = {isa = PBXFileReference; lastKnownFileType = file.storyboard; name = Base; path = Base.lproj/LaunchScreen.storyboard; sourceTree = "<group>"; };
		630159AB1E70FAB500DFABE1 /* Info.plist */ = {isa = PBXFileReference; lastKnownFileType = text.plist.xml; path = Info.plist; sourceTree = "<group>"; };
/* End PBXFileReference section */

/* Begin PBXFrameworksBuildPhase section */
		630159991E70FAB400DFABE1 /* Frameworks */ = {
			isa = PBXFrameworksBuildPhase;
			buildActionMask = 2147483647;
			files = (
			);
			runOnlyForDeploymentPostprocessing = 0;
		};
/* End PBXFrameworksBuildPhase section */

/* Begin PBXGroup section */
		630159931E70FAB400DFABE1 = {
			isa = PBXGroup;
			children = (
				6301599E1E70FAB500DFABE1 /* DemoDatabase */,
				6301599D1E70FAB500DFABE1 /* Products */,
			);
			sourceTree = "<group>";
		};
		6301599D1E70FAB500DFABE1 /* Products */ = {
			isa = PBXGroup;
			children = (
				6301599C1E70FAB500DFABE1 /* DemoDatabase.app */,
			);
			name = Products;
			sourceTree = "<group>";
		};
		6301599E1E70FAB500DFABE1 /* DemoDatabase */ = {
			isa = PBXGroup;
			children = (
				6301599F1E70FAB500DFABE1 /* AppDelegate.swift */,
				630159A11E70FAB500DFABE1 /* ViewController.swift */,
				630159A31E70FAB500DFABE1 /* Main.storyboard */,
				630159A61E70FAB500DFABE1 /* Assets.xcassets */,
				630159A81E70FAB500DFABE1 /* LaunchScreen.storyboard */,
				630159AB1E70FAB500DFABE1 /* Info.plist */,
			);
			path = DemoDatabase;
			sourceTree = "<group>";
		};
/* End PBXGroup section */

/* Begin PBXNativeTarget section */
		6301599B1E70FAB400DFABE1 /* DemoDatabase */ = {
			isa = PBXNativeTarget;
			buildConfigurationList = 630159AE1E70FAB500DFABE1 /* Build configuration list for PBXNativeTarget "DemoDatabase" */;
			buildPhases = (
				630159981E70FAB400DFABE1 /* Sources */,
				630159991E70FAB400DFABE1 /* Frameworks */,
				6301599A1E70FAB400DFABE1 /* Resources */,
			);
			buildRules = (
			);
			dependencies = (
			);
			name = DemoDatabase;
			productName = DemoDatabase;
			productReference = 6301599C1E70FAB500DFABE1 /* DemoDatabase.app */;
			productType = "com.apple.product-type.application";
		};
/* End PBXNativeTarget section */

/* Begin PBXProject section */
		630159941E70FAB400DFABE1 /* Project object */ = {
			isa = PBXProject;
			attributes = {
				LastSwiftUpdateCheck = 0820;
				LastUpgradeCheck = 0820;
				ORGANIZATIONNAME = "Kasidit Phoncharoen";
				TargetAttributes = {
					6301599B1E70FAB400DFABE1 = {
						CreatedOnToolsVersion = 8.2.1;
						ProvisioningStyle = Automatic;
					};
				};
			};
			buildConfigurationList = 630159971E70FAB400DFABE1 /* Build configuration list for PBXProject "DemoDatabase" */;
			compatibilityVersion = "Xcode 3.2";
			developmentRegion = English;
			hasScannedForEncodings = 0;
			knownRegions = (
				en,
				Base,
			);
			mainGroup = 630159931E70FAB400DFABE1;
			productRefGroup = 6301599D1E70FAB500DFABE1 /* Products */;
			projectDirPath = "";
			projectRoot = "";
			targets = (
				6301599B1E70FAB400DFABE1 /* DemoDatabase */,
			);
		};
/* End PBXProject section */

/* Begin PBXResourcesBuildPhase section */
		6301599A1E70FAB400DFABE1 /* Resources */ = {
			isa = PBXResourcesBuildPhase;
			buildActionMask = 2147483647;
			files = (
				630159AA1E70FAB500DFABE1 /* LaunchScreen.storyboard in Resources */,
				630159A71E70FAB500DFABE1 /* Assets.xcassets in Resources */,
				630159A51E70FAB500DFABE1 /* Main.storyboard in Resources */,
			);
			runOnlyForDeploymentPostprocessing = 0;
		};
/* End PBXResourcesBuildPhase section */

/* Begin PBXSourcesBuildPhase section */
		630159981E70FAB400DFABE1 /* Sources */ = {
			isa = PBXSourcesBuildPhase;
			buildActionMask = 2147483647;
			files = (
				630159A21E70FAB500DFABE1 /* ViewController.swift in Sources */,
				630159A01E70FAB500DFABE1 /* AppDelegate.swift in Sources */,
			);
			runOnlyForDeploymentPostprocessing = 0;
		};
/* End PBXSourcesBuildPhase section */

/* Begin PBXVariantGroup section */
		630159A31E70FAB500DFABE1 /* Main.storyboard */ = {
			isa = PBXVariantGroup;
			children = (
				630159A41E70FAB500DFABE1 /* Base */,
			);
			name = Main.storyboard;
			sourceTree = "<group>";
		};
		630159A81E70FAB500DFABE1 /* LaunchScreen.storyboard */ = {
			isa = PBXVariantGroup;
			children = (
				630159A91E70FAB500DFABE1 /* Base */,
			);
			name = LaunchScreen.storyboard;
			sourceTree = "<group>";
		};
/* End PBXVariantGroup section */

/* Begin XCBuildConfiguration section */
		630159AC1E70FAB500DFABE1 /* Debug */ = {
			isa = XCBuildConfiguration;
			buildSettings = {
				ALWAYS_SEARCH_USER_PATHS = NO;
				CLANG_ANALYZER_NONNULL = YES;
				CLANG_CXX_LANGUAGE_STANDARD = "gnu++0x";
				CLANG_CXX_LIBRARY = "libc++";
				CLANG_ENABLE_MODULES = YES;
				CLANG_ENABLE_OBJC_ARC = YES;
				CLANG_WARN_BOOL_CONVERSION = YES;
				CLANG_WARN_CONSTANT_CONVERSION = YES;
				CLANG_WARN_DIRECT_OBJC_ISA_USAGE = YES_ERROR;
				CLANG_WARN_DOCUMENTATION_COMMENTS = YES;
				CLANG_WARN_EMPTY_BODY = YES;
				CLANG_WARN_ENUM_CONVERSION = YES;
				CLANG_WARN_INFINITE_RECURSION = YES;
				CLANG_WARN_INT_CONVERSION = YES;
				CLANG_WARN_OBJC_ROOT_CLASS = YES_ERROR;
				CLANG_WARN_SUSPICIOUS_MOVE = YES;
				CLANG_WARN_UNREACHABLE_CODE = YES;
				CLANG_WARN__DUPLICATE_METHOD_MATCH = YES;
				"CODE_SIGN_IDENTITY[sdk=iphoneos*]" = "iPhone Developer";
				COPY_PHASE_STRIP = NO;
				DEBUG_INFORMATION_FORMAT = dwarf;
				ENABLE_STRICT_OBJC_MSGSEND = YES;
				ENABLE_TESTABILITY = YES;
				GCC_C_LANGUAGE_STANDARD = gnu99;
				GCC_DYNAMIC_NO_PIC = NO;
				GCC_NO_COMMON_BLOCKS = YES;
				GCC_OPTIMIZATION_LEVEL = 0;
				GCC_PREPROCESSOR_DEFINITIONS = (
					"DEBUG=1",
					"$(inherited)",
				);
				GCC_WARN_64_TO_32_BIT_CONVERSION = YES;
				GCC_WARN_ABOUT_RETURN_TYPE = YES_ERROR;
				GCC_WARN_UNDECLARED_SELECTOR = YES;
				GCC_WARN_UNINITIALIZED_AUTOS = YES_AGGRESSIVE;
				GCC_WARN_UNUSED_FUNCTION = YES;
				GCC_WARN_UNUSED_VARIABLE = YES;
				IPHONEOS_DEPLOYMENT_TARGET = 10.2;
				MTL_ENABLE_DEBUG_INFO = YES;
				ONLY_ACTIVE_ARCH = YES;
				SDKROOT = iphoneos;
				SWIFT_ACTIVE_COMPILATION_CONDITIONS = DEBUG;
				SWIFT_OPTIMIZATION_LEVEL = "-Onone";
			};
			name = Debug;
		};
		630159AD1E70FAB500DFABE1 /* Release */ = {
			isa = XCBuildConfiguration;
			buildSettings = {
				ALWAYS_SEARCH_USER_PATHS = NO;
				CLANG_ANALYZER_NONNULL = YES;
				CLANG_CXX_LANGUAGE_STANDARD = "gnu++0x";
				CLANG_CXX_LIBRARY = "libc++";
				CLANG_ENABLE_MODULES = YES;
				CLANG_ENABLE_OBJC_ARC = YES;
				CLANG_WARN_BOOL_CONVERSION = YES;
				CLANG_WARN_CONSTANT_CONVERSION = YES;
				CLANG_WARN_DIRECT_OBJC_ISA_USAGE = YES_ERROR;
				CLANG_WARN_DOCUMENTATION_COMMENTS = YES;
				CLANG_WARN_EMPTY_BODY = YES;
				CLANG_WARN_ENUM_CONVERSION = YES;
				CLANG_WARN_INFINITE_RECURSION = YES;
				CLANG_WARN_INT_CONVERSION = YES;
				CLANG_WARN_OBJC_ROOT_CLASS = YES_ERROR;
				CLANG_WARN_SUSPICIOUS_MOVE = YES;
				CLANG_WARN_UNREACHABLE_CODE = YES;
				CLANG_WARN__DUPLICATE_METHOD_MATCH = YES;
				"CODE_SIGN_IDENTITY[sdk=iphoneos*]" = "iPhone Developer";
				COPY_PHASE_STRIP = NO;
				DEBUG_INFORMATION_FORMAT = "dwarf-with-dsym";
				ENABLE_NS_ASSERTIONS = NO;
				ENABLE_STRICT_OBJC_MSGSEND = YES;
				GCC_C_LANGUAGE_STANDARD = gnu99;
				GCC_NO_COMMON_BLOCKS = YES;
				GCC_WARN_64_TO_32_BIT_CONVERSION = YES;
				GCC_WARN_ABOUT_RETURN_TYPE = YES_ERROR;
				GCC_WARN_UNDECLARED_SELECTOR = YES;
				GCC_WARN_UNINITIALIZED_AUTOS = YES_AGGRESSIVE;
				GCC_WARN_UNUSED_FUNCTION = YES;
				GCC_WARN_UNUSED_VARIABLE = YES;
				IPHONEOS_DEPLOYMENT_TARGET = 10.2;
				MTL_ENABLE_DEBUG_INFO = NO;
				SDKROOT = iphoneos;
				SWIFT_OPTIMIZATION_LEVEL = "-Owholemodule";
				VALIDATE_PRODUCT = YES;
			};
			name = Release;
		};
		630159AF1E70FAB500DFABE1 /* Debug */ = {
			isa = XCBuildConfiguration;
			buildSettings = {
				ASSETCATALOG_COMPILER_APPICON_NAME = AppIcon;
				INFOPLIST_FILE = DemoDatabase/Info.plist;
				LD_RUNPATH_SEARCH_PATHS = "$(inherited) @executable_path/Frameworks";
				PRODUCT_BUNDLE_IDENTIFIER = com.kasiditp.DemoDatabase;
				PRODUCT_NAME = "$(TARGET_NAME)";
				SWIFT_VERSION = 3.0;
			};
			name = Debug;
		};
		630159B01E70FAB500DFABE1 /* Release */ = {
			isa = XCBuildConfiguration;
			buildSettings = {
				ASSETCATALOG_COMPILER_APPICON_NAME = AppIcon;
				INFOPLIST_FILE = DemoDatabase/Info.plist;
				LD_RUNPATH_SEARCH_PATHS = "$(inherited) @executable_path/Frameworks";
				PRODUCT_BUNDLE_IDENTIFIER = com.kasiditp.DemoDatabase;
				PRODUCT_NAME = "$(TARGET_NAME)";
				SWIFT_VERSION = 3.0;
			};
			name = Release;
		};
/* End XCBuildConfiguration section */

/* Begin XCConfigurationList section */
		630159971E70FAB400DFABE1 /* Build configuration list for PBXProject "DemoDatabase" */ = {
			isa = XCConfigurationList;
			buildConfigurations = (
				630159AC1E70FAB500DFABE1 /* Debug */,
				630159AD1E70FAB500DFABE1 /* Release */,
			);
			defaultConfigurationIsVisible = 0;
			defaultConfigurationName = Release;
		};
		630159AE1E70FAB500DFABE1 /* Build configuration list for PBXNativeTarget "DemoDatabase" */ = {
			isa = XCConfigurationList;
			buildConfigurations = (
				630159AF1E70FAB500DFABE1 /* Debug */,
				630159B01E70FAB500DFABE1 /* Release */,
			);
			defaultConfigurationIsVisible = 0;
		};
/* End XCConfigurationList section */
	};
	rootObject = 630159941E70FAB400DFABE1 /* Project object */;
}
